
Microsoft Visual Studio Solution File, Format Version 12.00
# Visual Studio Version 17
VisualStudioVersion = 17.0.32126.317
MinimumVisualStudioVersion = 10.0.40219.1
Project("{FAE04EC0-301F-11D3-BF4B-00C04F79EFBC}") = "StockAvailableAPI", "StockAvailableAPI\StockAvailableAPI.csproj", "{DC21C41F-598C-4FCB-9BA1-06B9476C50BF}"
EndProject
Global
	GlobalSection(SolutionConfigurationPlatforms) = preSolution
		Debug|Any CPU = Debug|Any CPU
		Release|Any CPU = Release|Any CPU
	EndGlobalSection
	GlobalSection(ProjectConfigurationPlatforms) = postSolution
		{DC21C41F-598C-4FCB-9BA1-06B9476C50BF}.Debug|Any CPU.ActiveCfg = Debug|Any CPU
		{DC21C41F-598C-4FCB-9BA1-06B9476C50BF}.Debug|Any CPU.Build.0 = Debug|Any CPU
		{DC21C41F-598C-4FCB-9BA1-06B9476C50BF}.Release|Any CPU.ActiveCfg = Release|Any CPU
		{DC21C41F-598C-4FCB-9BA1-06B9476C50BF}.Release|Any CPU.Build.0 = Release|Any CPU
	EndGlobalSection
	GlobalSection(SolutionProperties) = preSolution
		HideSolutionNode = FALSE
	EndGlobalSection
	GlobalSection(ExtensibilityGlobals) = postSolution
		SolutionGuid = {5B730C84-A2AD-43C5-BB4E-D37BCD8D5B86}
	EndGlobalSection
EndGlobal
